Microsoft Visual Studio Solution File, Format Version 12.00
# Visual Studio 15
VisualStudioVersion = 15.0.27130.2026
MinimumVisualStudioVersion = 15.0.26124.0
Project("{9A19103F-16F7-4668-BE54-9A1E7A4F7556}") = "Morabaraba_9001", "Morabaraba_9001\Morabaraba_9001.csproj", "{ABEC1556-A622-4482-88DB-30F21A6D3A2F}"
EndProject
Project("{9A19103F-16F7-4668-BE54-9A1E7A4F7556}") = "Morabaraba_9001.Test", "Morabaraba_9001.Test\Morabaraba_9001.Test.csproj", "{E16B0707-4954-4AEE-87A9-9B4B55523098}"
EndProject
Global
	GlobalSection(SolutionConfigurationPlatforms) = preSolution
		Debug|Any CPU = Debug|Any CPU
		Debug|x64 = Debug|x64
		Debug|x86 = Debug|x86
		Release|Any CPU = Release|Any CPU
		Release|x64 = Release|x64
		Release|x86 = Release|x86
	EndGlobalSection
	GlobalSection(ProjectConfigurationPlatforms) = postSolution
		{ABEC1556-A622-4482-88DB-30F21A6D3A2F}.Debug|Any CPU.ActiveCfg = Debug|Any CPU
		{ABEC1556-A622-4482-88DB-30F21A6D3A2F}.Debug|Any CPU.Build.0 = Debug|Any CPU
		{ABEC1556-A622-4482-88DB-30F21A6D3A2F}.Debug|x64.ActiveCfg = Debug|Any CPU
		{ABEC1556-A622-4482-88DB-30F21A6D3A2F}.Debug|x64.Build.0 = Debug|Any CPU
		{ABEC1556-A622-4482-88DB-30F21A6D3A2F}.Debug|x86.ActiveCfg = Debug|Any CPU
		{ABEC1556-A622-4482-88DB-30F21A6D3A2F}.Debug|x86.Build.0 = Debug|Any CPU
		{ABEC1556-A622-4482-88DB-30F21A6D3A2F}.Release|Any CPU.ActiveCfg = Release|Any CPU
		{ABEC1556-A622-4482-88DB-30F21A6D3A2F}.Release|Any CPU.Build.0 = Release|Any CPU
		{ABEC1556-A622-4482-88DB-30F21A6D3A2F}.Release|x64.ActiveCfg = Release|Any CPU
		{ABEC1556-A622-4482-88DB-30F21A6D3A2F}.Release|x64.Build.0 = Release|Any CPU
		{ABEC1556-A622-4482-88DB-30F21A6D3A2F}.Release|x86.ActiveCfg = Release|Any CPU
		{ABEC1556-A622-4482-88DB-30F21A6D3A2F}.Release|x86.Build.0 = Release|Any CPU
		{E16B0707-4954-4AEE-87A9-9B4B55523098}.Debug|Any CPU.ActiveCfg = Debug|Any CPU
		{E16B0707-4954-4AEE-87A9-9B4B55523098}.Debug|Any CPU.Build.0 = Debug|Any CPU
		{E16B0707-4954-4AEE-87A9-9B4B55523098}.Debug|x64.ActiveCfg = Debug|Any CPU
		{E16B0707-4954-4AEE-87A9-9B4B55523098}.Debug|x64.Build.0 = Debug|Any CPU
		{E16B0707-4954-4AEE-87A9-9B4B55523098}.Debug|x86.ActiveCfg = Debug|Any CPU
		{E16B0707-4954-4AEE-87A9-9B4B55523098}.Debug|x86.Build.0 = Debug|Any CPU
		{E16B0707-4954-4AEE-87A9-9B4B55523098}.Release|Any CPU.ActiveCfg = Release|Any CPU
		{E16B0707-4954-4AEE-87A9-9B4B55523098}.Release|Any CPU.Build.0 = Release|Any CPU
		{E16B0707-4954-4AEE-87A9-9B4B55523098}.Release|x64.ActiveCfg = Release|Any CPU
		{E16B0707-4954-4AEE-87A9-9B4B55523098}.Release|x64.Build.0 = Release|Any CPU
		{E16B0707-4954-4AEE-87A9-9B4B55523098}.Release|x86.ActiveCfg = Release|Any CPU
		{E16B0707-4954-4AEE-87A9-9B4B55523098}.Release|x86.Build.0 = Release|Any CPU
	EndGlobalSection
	GlobalSection(SolutionProperties) = preSolution
		HideSolutionNode = FALSE
	EndGlobalSection
	GlobalSection(ExtensibilityGlobals) = postSolution
		SolutionGuid = {121DD067-42FD-437E-B656-675071787336}
	EndGlobalSection
EndGlobal
